{
  "name": "medical-clinic-managment",
  "version": "1.0.0",
  "lockfileVersion": 3,
  "requires": true,
  "packages": {
    "": {
      "name": "medical-clinic-managment",
      "version": "1.0.0",
      "license": "ISC",
      "dependencies": {
        "generate-backend-structure": "^1.1.4"
      }
    },
    "node_modules/generate-backend-structure": {
      "version": "1.1.4",
      "resolved": "https://registry.npmjs.org/generate-backend-structure/-/generate-backend-structure-1.1.4.tgz",
      "integrity": "sha512-v+bGFz7HlqWtGMcN8coYvRxP7IBw0oWO4pS/v1RrXMpJTGmyaX7QwOrXd98FoC4liqfSTCXtJaBh9z4G19du9g==",
      "hasInstallScript": true,
      "license": "MIT",
      "bin": {
        "generate-backend-structure": "generate.js"
      },
      "engines": {
        "node": ">= 10.0.0"
      }
    }
  }
}
